
Microsoft Visual Studio Solution File, Format Version 12.00
# Visual Studio Version 17
VisualStudioVersion = 17.8.34322.80
MinimumVisualStudioVersion = 10.0.40219.1
Project("{FAE04EC0-301F-11D3-BF4B-00C04F79EFBC}") = "WebApplication1", "WebApplication1\WebApplication1.csproj", "{404DA0E1-61A0-434F-BB3B-DDCA94EBA1C1}"
EndProject
Global
	GlobalSection(SolutionConfigurationPlatforms) = preSolution
		Debug|Any CPU = Debug|Any CPU
		Release|Any CPU = Release|Any CPU
	EndGlobalSection
	GlobalSection(ProjectConfigurationPlatforms) = postSolution
		{404DA0E1-61A0-434F-BB3B-DDCA94EBA1C1}.Debug|Any CPU.ActiveCfg = Debug|Any CPU
		{404DA0E1-61A0-434F-BB3B-DDCA94EBA1C1}.Debug|Any CPU.Build.0 = Debug|Any CPU
		{404DA0E1-61A0-434F-BB3B-DDCA94EBA1C1}.Release|Any CPU.ActiveCfg = Release|Any CPU
		{404DA0E1-61A0-434F-BB3B-DDCA94EBA1C1}.Release|Any CPU.Build.0 = Release|Any CPU
	EndGlobalSection
	GlobalSection(SolutionProperties) = preSolution
		HideSolutionNode = FALSE
	EndGlobalSection
	GlobalSection(ExtensibilityGlobals) = postSolution
		SolutionGuid = {41C5B36D-A9E6-427A-8B02-1334A21248A3}
	EndGlobalSection
EndGlobal
